schema: '2.0'
stages:
  prepare:
    cmd: python src/data/make_dataset.py
    deps:
    - path: data/raw
      hash: md5
      md5: 90c3e04bb8fa1558eb70f9096b5b6010.dir
      size: 31082914
      nfiles: 4
    - path: src/data/make_dataset.py
      hash: md5
      md5: fb0c9baa6a55e60c753b243a2c634fc1
      size: 8707
    outs:
    - path: data/preprocessed
      hash: md5
      md5: c7dbffadf3eee872b0eb4612bd23e5a5.dir
      size: 5882307
      nfiles: 4
  train:
    cmd: python src/models/train_model.py
    deps:
    - path: data/preprocessed
      hash: md5
      md5: c7dbffadf3eee872b0eb4612bd23e5a5.dir
      size: 5882307
      nfiles: 4
    - path: src/models/train_model.py
      hash: md5
      md5: 40bb0b2bdee5fd785d925bbd00d1f6aa
      size: 730
    outs:
    - path: models/trained_model.joblib
      hash: md5
      md5: 383b90ac0a704417b8231ee7b77c9efe
      size: 206315689
  evaluation:
    cmd: python src/models/evaluate_model.py
    deps:
    - path: models/trained_model.joblib
      hash: md5
      md5: 383b90ac0a704417b8231ee7b77c9efe
      size: 206315689
    - path: src/models/evaluate_model.py
      hash: md5
      md5: 65d1f5754404f287ba753d7a6e2d59af
      size: 831
    outs:
    - path: metrics/accuracy.json
      hash: md5
      md5: b66d50f28885cf82490160d05f5c6416
      size: 32
